
Microsoft Visual Studio Solution File, Format Version 12.00
# Visual Studio Version 17
VisualStudioVersion = 17.12.35707.178
MinimumVisualStudioVersion = 10.0.40219.1
Project("{FAE04EC0-301F-11D3-BF4B-00C04F79EFBC}") = "MowiTajm", "MowiTajm\MowiTajm.csproj", "{B93A9292-3A7B-4F56-B682-EE9E78CCE3E0}"
EndProject
Project("{FAE04EC0-301F-11D3-BF4B-00C04F79EFBC}") = "E2ETesting", "E2ETesting-main\E2ETesting.csproj", "{2C88B486-ACD3-D2A3-25AF-71361D41F7A7}"
EndProject
Project("{FAE04EC0-301F-11D3-BF4B-00C04F79EFBC}") = "MowiTajm.UnitTests", "MowiTajm.UnitTests\MowiTajm.UnitTests.csproj", "{E110EF7D-F1AA-4607-B113-98685EE26A01}"
EndProject
Global
	GlobalSection(SolutionConfigurationPlatforms) = preSolution
		Debug|Any CPU = Debug|Any CPU
		Release|Any CPU = Release|Any CPU
	EndGlobalSection
	GlobalSection(ProjectConfigurationPlatforms) = postSolution
		{B93A9292-3A7B-4F56-B682-EE9E78CCE3E0}.Debug|Any CPU.ActiveCfg = Debug|Any CPU
		{B93A9292-3A7B-4F56-B682-EE9E78CCE3E0}.Debug|Any CPU.Build.0 = Debug|Any CPU
		{B93A9292-3A7B-4F56-B682-EE9E78CCE3E0}.Release|Any CPU.ActiveCfg = Release|Any CPU
		{B93A9292-3A7B-4F56-B682-EE9E78CCE3E0}.Release|Any CPU.Build.0 = Release|Any CPU
		{2C88B486-ACD3-D2A3-25AF-71361D41F7A7}.Debug|Any CPU.ActiveCfg = Debug|Any CPU
		{2C88B486-ACD3-D2A3-25AF-71361D41F7A7}.Debug|Any CPU.Build.0 = Debug|Any CPU
		{2C88B486-ACD3-D2A3-25AF-71361D41F7A7}.Release|Any CPU.ActiveCfg = Release|Any CPU
		{2C88B486-ACD3-D2A3-25AF-71361D41F7A7}.Release|Any CPU.Build.0 = Release|Any CPU
		{E110EF7D-F1AA-4607-B113-98685EE26A01}.Debug|Any CPU.ActiveCfg = Debug|Any CPU
		{E110EF7D-F1AA-4607-B113-98685EE26A01}.Debug|Any CPU.Build.0 = Debug|Any CPU
		{E110EF7D-F1AA-4607-B113-98685EE26A01}.Release|Any CPU.ActiveCfg = Release|Any CPU
		{E110EF7D-F1AA-4607-B113-98685EE26A01}.Release|Any CPU.Build.0 = Release|Any CPU
	EndGlobalSection
	GlobalSection(SolutionProperties) = preSolution
		HideSolutionNode = FALSE
	EndGlobalSection
	GlobalSection(ExtensibilityGlobals) = postSolution
		SolutionGuid = {C42D253E-AC2D-4859-993D-DC1433E039EC}
	EndGlobalSection
EndGlobal
